
Microsoft Visual Studio Solution File, Format Version 12.00
# Visual Studio Version 17
VisualStudioVersion = 17.4.33110.190
MinimumVisualStudioVersion = 10.0.40219.1
Project("{9A19103F-16F7-4668-BE54-9A1E7A4F7556}") = "WithoutMediator", "WithoutMediator\WithoutMediator.csproj", "{0ECF1A5B-0D65-422C-8217-AA8F1BA678AC}"
EndProject
Project("{9A19103F-16F7-4668-BE54-9A1E7A4F7556}") = "WithMediator", "WithMediator\WithMediator.csproj", "{8BD1CDAB-784F-40CC-9F78-021B3AF8CF41}"
EndProject
Project("{2150E333-8FDC-42A3-9474-1A3956D46DE8}") = "Solution Items", "Solution Items", "{E396FC57-C9BB-4CB8-9BE6-D56567B2BDBE}"
	ProjectSection(SolutionItems) = preProject
		MediatorPattern.md = MediatorPattern.md
		MediatR.md = MediatR.md
	EndProjectSection
EndProject
Global
	GlobalSection(SolutionConfigurationPlatforms) = preSolution
		Debug|Any CPU = Debug|Any CPU
		Release|Any CPU = Release|Any CPU
	EndGlobalSection
	GlobalSection(ProjectConfigurationPlatforms) = postSolution
		{0ECF1A5B-0D65-422C-8217-AA8F1BA678AC}.Debug|Any CPU.ActiveCfg = Debug|Any CPU
		{0ECF1A5B-0D65-422C-8217-AA8F1BA678AC}.Debug|Any CPU.Build.0 = Debug|Any CPU
		{0ECF1A5B-0D65-422C-8217-AA8F1BA678AC}.Release|Any CPU.ActiveCfg = Release|Any CPU
		{0ECF1A5B-0D65-422C-8217-AA8F1BA678AC}.Release|Any CPU.Build.0 = Release|Any CPU
		{8BD1CDAB-784F-40CC-9F78-021B3AF8CF41}.Debug|Any CPU.ActiveCfg = Debug|Any CPU
		{8BD1CDAB-784F-40CC-9F78-021B3AF8CF41}.Debug|Any CPU.Build.0 = Debug|Any CPU
		{8BD1CDAB-784F-40CC-9F78-021B3AF8CF41}.Release|Any CPU.ActiveCfg = Release|Any CPU
		{8BD1CDAB-784F-40CC-9F78-021B3AF8CF41}.Release|Any CPU.Build.0 = Release|Any CPU
	EndGlobalSection
	GlobalSection(SolutionProperties) = preSolution
		HideSolutionNode = FALSE
	EndGlobalSection
	GlobalSection(ExtensibilityGlobals) = postSolution
		SolutionGuid = {DCA717A3-6B77-4538-8D45-8D3DB7DD043C}
	EndGlobalSection
EndGlobal
